
Microsoft Visual Studio Solution File, Format Version 12.00
# Visual Studio 14
VisualStudioVersion = 14.0.25420.1
MinimumVisualStudioVersion = 10.0.40219.1
Project("{FAE04EC0-301F-11D3-BF4B-00C04F79EFBC}") = "VIN_Info", "VIN_Info\VIN_Info.csproj", "{A23E99BB-7690-4078-B701-511D027A8C63}"
EndProject
Project("{2150E333-8FDC-42A3-9474-1A3956D46DE8}") = "REF", "REF", "{E97F7B7A-F3A1-4136-8040-3A08A7884E53}"
EndProject
Global
	GlobalSection(SolutionConfigurationPlatforms) = preSolution
		Debug|Any CPU = Debug|Any CPU
		Release|Any CPU = Release|Any CPU
	EndGlobalSection
	GlobalSection(ProjectConfigurationPlatforms) = postSolution
		{A23E99BB-7690-4078-B701-511D027A8C63}.Debug|Any CPU.ActiveCfg = Debug|Any CPU
		{A23E99BB-7690-4078-B701-511D027A8C63}.Debug|Any CPU.Build.0 = Debug|Any CPU
		{A23E99BB-7690-4078-B701-511D027A8C63}.Release|Any CPU.ActiveCfg = Release|Any CPU
		{A23E99BB-7690-4078-B701-511D027A8C63}.Release|Any CPU.Build.0 = Release|Any CPU
	EndGlobalSection
	GlobalSection(SolutionProperties) = preSolution
		HideSolutionNode = FALSE
	EndGlobalSection
EndGlobal
